
Microsoft Visual Studio Solution File, Format Version 12.00
Project("{FAE04EC0-301F-11D3-BF4B-00C04F79EFBC}") = "Wordroller", "Wordroller\Wordroller.csproj", "{4D4447AB-AF58-45AE-BD14-77C0BCBCFDA0}"
EndProject
Project("{FAE04EC0-301F-11D3-BF4B-00C04F79EFBC}") = "Wordroller.Tests", "Wordroller.Tests\Wordroller.Tests.csproj", "{987E465E-B976-4E50-9CAD-0EABF8105754}"
EndProject
Project("{FAE04EC0-301F-11D3-BF4B-00C04F79EFBC}") = "Wordroller.StandardStyles", "Wordroller.StandardStyles\Wordroller.StandardStyles.csproj", "{AC42607A-BF02-4AC8-90E3-16738124A619}"
EndProject
Project("{FAE04EC0-301F-11D3-BF4B-00C04F79EFBC}") = "Wordroller.Apps.Console", "Wordroller.Apps.Console\Wordroller.Apps.Console.csproj", "{0AFEC9F3-C310-4961-84F2-4C9FD60A765F}"
EndProject
Global
	GlobalSection(SolutionConfigurationPlatforms) = preSolution
		Debug|Any CPU = Debug|Any CPU
		Release|Any CPU = Release|Any CPU
	EndGlobalSection
	GlobalSection(ProjectConfigurationPlatforms) = postSolution
		{4D4447AB-AF58-45AE-BD14-77C0BCBCFDA0}.Debug|Any CPU.ActiveCfg = Debug|Any CPU
		{4D4447AB-AF58-45AE-BD14-77C0BCBCFDA0}.Debug|Any CPU.Build.0 = Debug|Any CPU
		{4D4447AB-AF58-45AE-BD14-77C0BCBCFDA0}.Release|Any CPU.ActiveCfg = Release|Any CPU
		{4D4447AB-AF58-45AE-BD14-77C0BCBCFDA0}.Release|Any CPU.Build.0 = Release|Any CPU
		{987E465E-B976-4E50-9CAD-0EABF8105754}.Debug|Any CPU.ActiveCfg = Debug|Any CPU
		{987E465E-B976-4E50-9CAD-0EABF8105754}.Debug|Any CPU.Build.0 = Debug|Any CPU
		{987E465E-B976-4E50-9CAD-0EABF8105754}.Release|Any CPU.ActiveCfg = Release|Any CPU
		{987E465E-B976-4E50-9CAD-0EABF8105754}.Release|Any CPU.Build.0 = Release|Any CPU
		{AC42607A-BF02-4AC8-90E3-16738124A619}.Debug|Any CPU.ActiveCfg = Debug|Any CPU
		{AC42607A-BF02-4AC8-90E3-16738124A619}.Debug|Any CPU.Build.0 = Debug|Any CPU
		{AC42607A-BF02-4AC8-90E3-16738124A619}.Release|Any CPU.ActiveCfg = Release|Any CPU
		{AC42607A-BF02-4AC8-90E3-16738124A619}.Release|Any CPU.Build.0 = Release|Any CPU
		{0AFEC9F3-C310-4961-84F2-4C9FD60A765F}.Debug|Any CPU.ActiveCfg = Debug|Any CPU
		{0AFEC9F3-C310-4961-84F2-4C9FD60A765F}.Debug|Any CPU.Build.0 = Debug|Any CPU
		{0AFEC9F3-C310-4961-84F2-4C9FD60A765F}.Release|Any CPU.ActiveCfg = Release|Any CPU
		{0AFEC9F3-C310-4961-84F2-4C9FD60A765F}.Release|Any CPU.Build.0 = Release|Any CPU
	EndGlobalSection
EndGlobal
